
Microsoft Visual Studio Solution File, Format Version 12.00
# Visual Studio Version 17
VisualStudioVersion = 17.11.35327.3
MinimumVisualStudioVersion = 10.0.40219.1
Project("{FAE04EC0-301F-11D3-BF4B-00C04F79EFBC}") = "ConfigMan", "ConfigMan\ConfigMan.csproj", "{350E5C49-2456-44AB-9B52-3A206C978662}"
EndProject
Global
	GlobalSection(SolutionConfigurationPlatforms) = preSolution
		Debug|Any CPU = Debug|Any CPU
		Release|Any CPU = Release|Any CPU
	EndGlobalSection
	GlobalSection(ProjectConfigurationPlatforms) = postSolution
		{350E5C49-2456-44AB-9B52-3A206C978662}.Debug|Any CPU.ActiveCfg = Debug|Any CPU
		{350E5C49-2456-44AB-9B52-3A206C978662}.Debug|Any CPU.Build.0 = Debug|Any CPU
		{350E5C49-2456-44AB-9B52-3A206C978662}.Release|Any CPU.ActiveCfg = Release|Any CPU
		{350E5C49-2456-44AB-9B52-3A206C978662}.Release|Any CPU.Build.0 = Release|Any CPU
	EndGlobalSection
	GlobalSection(SolutionProperties) = preSolution
		HideSolutionNode = FALSE
	EndGlobalSection
	GlobalSection(ExtensibilityGlobals) = postSolution
		SolutionGuid = {74AF3337-3139-4243-BC3E-83F23D7B722B}
	EndGlobalSection
EndGlobal
